cel.dev/expr v0.25.1 h1:1KrZg61W6TWSxuNZ37Xy49ps13NUovb66QLprthtwi4=
cel.dev/expr v0.25.1/go.mod h1:hrXvqGP6G6gyx8UAHSHJ5RGk//1Oj5nXQ2NI02Nrsg4=
cloud.google.com/go v0.121.6 h1:waZiuajrI28iAf40cWgycWNgaXPO06dupuS+sgibK6c=
cloud.google.com/go v0.121.6/go.mod h1:coChdst4Ea5vUpiALcYKXEpR1S9ZgXbhEzzMcMR66vI=
cloud.google.com/go/auth v0.18.2 h1:+Nbt5Ev0xEqxlNjd6c+yYUeosQ5TtEUaNcN/3FozlaM=
cloud.google.com/go/auth v0.18.2/go.mod h1:xD+oY7gcahcu7G2SG2DsBerfFxgPAJz17zz2joOFF3M=
cloud.google.com/go/auth/oauth2adapt v0.2.8 h1:keo8NaayQZ6wimpNSmW5OPc283g65QNIiLpZnkHRbnc=
cloud.google.com/go/auth/oauth2adapt v0.2.8/go.mod h1:XQ9y31RkqZCcwJWNSx2Xvric3RrU88hAYYbjDWYDL+c=
cloud.google.com/go/compute/metadata v0.9.0 h1:pDUj4QMoPejqq20dK0Pg2N4yG9zIkYGdBtwLoEkH9Zs=
cloud.google.com/go/compute/metadata v0.9.0/go.mod h1:E0bWwX5wTnLPedCKqk3pJmVgCBSM6qQI1yTBdEb3C10=
cloud.google.com/go/iam v1.5.3 h1:+vMINPiDF2ognBJ97ABAYYwRgsaqxPbQDlMnbHMjolc=
cloud.google.com/go/iam v1.5.3/go.mod h1:MR3v9oLkZCTlaqljW6Eb2d3HGDGK5/bDv93jhfISFvU=
cloud.google.com/go/logging v1.13.2 h1:qqlHCBvieJT9Cdq4QqYx1KPadCQ2noD4FK02eNqHAjA=
cloud.google.com/go/logging v1.13.2/go.mod h1:zaybliM3yun1J8mU2dVQ1/qDzjbOqEijZCn6hSBtKak=
cloud.google.com/go/longrunning v0.8.0 h1:LiKK77J3bx5gDLi4SMViHixjD2ohlkwBi+mKA7EhfW8=
cloud.google.com/go/longrunning v0.8.0/go.mod h1:UmErU2Onzi+fKDg2gR7dusz11Pe26aknR4kHmJJqIfk=
cloud.google.com/go/monitoring v1.24.3 h1:dde+gMNc0UhPZD1Azu6at2e79bfdztVDS5lvhOdsgaE=
cloud.google.com/go/monitoring v1.24.3/go.mod h1:nYP6W0tm3N9H/bOw8am7t62YTzZY+zUeQ+Bi6+2eonI=
cloud.google.com/go/storage v1.56.0 h1:iixmq2Fse2tqxMbWhLWC9HfBj1qdxqAmiK8/eqtsLxI=
cloud.google.com/go/storage v1.56.0/go.mod h1:Tpuj6t4NweCLzlNbw9Z9iwxEkrSem20AetIeH/shgVU=
cloud.google.com/go/trace v1.11.7 h1:kDNDX8JkaAG3R2nq1lIdkb7FCSi1rCmsEtKVsty7p+U=
cloud.google.com/go/trace v1.11.7/go.mod h1:TNn9d5V3fQVf6s4SCveVMIBS2LJUqo73GACmq/Tky0s=
filippo.io/edwards25519 v1.1.0 h1:FNf4tywRC1HmFuKW5xopWpigGjJKiJSV0Cqo0cJWDaA=
filippo.io/edwards25519 v1.1.0/go.mod h1:BxyFTGdWcka3PhytdK4V28tE5sGfRvvvRV7EaN4VDT4=
github.com/BurntSushi/toml v0.3.1/go.mod h1:xHWCNGjB5oqiDr8zfno3MHue2Ht5sIBksp03qcyfWMU=
github.com/GoogleCloudPlatform/opentelemetry-operations-go/detectors/gcp v1.30.0 h1:sBEjpZlNHzK1voKq9695PJSX2o5NEXl7/OL3coiIY0c=
github.com/GoogleCloudPlatform/opentelemetry-operations-go/detectors/gcp v1.30.0/go.mod h1:P4WPRUkOhJC13W//jWpyfJNDAIpvRbAUIYLX/4jtlE0=
github.com/GoogleCloudPlatform/opentelemetry-operations-go/exporter/metric v0.53.0 h1:owcC2UnmsZycprQ5RfRgjydWhuoxg71LUfyiQdijZuM=
github.com/GoogleCloudPlatform/opentelemetry-operations-go/exporter/metric v0.53.0/go.mod h1:ZPpqegjbE99EPKsu3iUWV22A04wzGPcAY/ziSIQEEgs=
github.com/GoogleCloudPlatform/opentelemetry-operations-go/internal/cloudmock v0.53.0 h1:4LP6hvB4I5ouTbGgWtixJhgED6xdf67twf9PoY96Tbg=
github.com/GoogleCloudPlatform/opentelemetry-operations-go/internal/cloudmock v0.53.0/go.mod h1:jUZ5LYlw40WMd07qxcQJD5M40aUxrfwqQX1g7zxYnrQ=
github.com/GoogleCloudPlatform/opentelemetry-operations-go/internal/resourcemapping v0.53.0 h1:Ron4zCA/yk6U7WOBXhTJcDpsUBG9npumK6xw2auFltQ=
github.com/GoogleCloudPlatform/opentelemetry-operations-go/internal/resourcemapping v0.53.0/go.mod h1:cSgYe11MCNYunTnRXrKiR/tHc0eoKjICUuWpNZoVCOo=
github.com/RoaringBitmap/roaring/v2 v2.4.5 h1:uGrrMreGjvAtTBobc0g5IrW1D5ldxDQYe2JW2gggRdg=
github.com/RoaringBitmap/roaring/v2 v2.4.5/go.mod h1:FiJcsfkGje/nZBZgCu0ZxCPOKD/hVXDS2dXi7/eUFE0=
github.com/acomagu/bufpipe v1.0.4 h1:e3H4WUzM3npvo5uv95QuJM3cQspFNtFBzvJ2oNjKIDQ=
github.com/acomagu/bufpipe v1.0.4/go.mod h1:mxdxdup/WdsKVreO5GpW4+M/1CE2sMG4jeGJ2sYmHc4=
github.com/bits-and-blooms/bitset v1.12.0/go.mod h1:7hO7Gc7Pp1vODcmWvKMRA9BNmbv6a/7QIWpPxHddWR8=
github.com/bits-and-blooms/bitset v1.22.0 h1:Tquv9S8+SGaS3EhyA+up3FXzmkhxPGjQQCkcs2uw7w4=
github.com/bits-and-blooms/bitset v1.22.0/go.mod h1:7hO7Gc7Pp1vODcmWvKMRA9BNmbv6a/7QIWpPxHddWR8=
github.com/blevesearch/bleve/v2 v2.5.2 h1:Ab0r0MODV2C5A6BEL87GqLBySqp/s9xFgceCju6BQk8=
github.com/blevesearch/bleve/v2 v2.5.2/go.mod h1:5Dj6dUQxZM6aqYT3eutTD/GpWKGFSsV8f7LDidFbwXo=
github.com/blevesearch/bleve_index_api v1.2.8 h1:Y98Pu5/MdlkRyLM0qDHostYo7i+Vv1cDNhqTeR4Sy6Y=
github.com/blevesearch/bleve_index_api v1.2.8/go.mod h1:rKQDl4u51uwafZxFrPD1R7xFOwKnzZW7s/LSeK4lgo0=
github.com/blevesearch/geo v0.2.3 h1:K9/vbGI9ehlXdxjxDRJtoAMt7zGAsMIzc6n8zWcwnhg=
github.com/blevesearch/geo v0.2.3/go.mod h1:K56Q33AzXt2YExVHGObtmRSFYZKYGv0JEN5mdacJJR8=
github.com/blevesearch/go-faiss v1.0.25 h1:lel1rkOUGbT1CJ0YgzKwC7k+XH0XVBHnCVWahdCXk4U=
github.com/blevesearch/go-faiss v1.0.25/go.mod h1:OMGQwOaRRYxrmeNdMrXJPvVx8gBnvE5RYrr0BahNnkk=
github.com/blevesearch/go-porterstemmer v1.0.3 h1:GtmsqID0aZdCSNiY8SkuPJ12pD4jI+DdXTAn4YRcHCo=
github.com/blevesearch/go-porterstemmer v1.0.3/go.mod h1:angGc5Ht+k2xhJdZi511LtmxuEf0OVpvUUNrwmM1P7M=
github.com/blevesearch/gtreap v0.1.1 h1:2JWigFrzDMR+42WGIN/V2p0cUvn4UP3C4Q5nmaZGW8Y=
github.com/blevesearch/gtreap v0.1.1/go.mod h1:QaQyDRAT51sotthUWAH4Sj08awFSSWzgYICSZ3w0tYk=
github.com/blevesearch/mmap-go v1.0.4 h1:OVhDhT5B/M1HNPpYPBKIEJaD0F3Si+CrEKULGCDPWmc=
github.com/blevesearch/mmap-go v1.0.4/go.mod h1:EWmEAOmdAS9z/pi/+Toxu99DnsbhG1TIxUoRmJw/pSs=
github.com/blevesearch/scorch_segment_api/v2 v2.3.10 h1:Yqk0XD1mE0fDZAJXTjawJ8If/85JxnLd8v5vG/jWE/s=
github.com/blevesearch/scorch_segment_api/v2 v2.3.10/go.mod h1:Z3e6ChN3qyN35yaQpl00MfI5s8AxUJbpTR/DL8QOQ+8=
github.com/blevesearch/segment v0.9.1 h1:+dThDy+Lvgj5JMxhmOVlgFfkUtZV2kw49xax4+jTfSU=
github.com/blevesearch/segment v0.9.1/go.mod h1:zN21iLm7+GnBHWTao9I+Au/7MBiL8pPFtJBJTsk6kQw=
github.com/blevesearch/snowballstem v0.9.0 h1:lMQ189YspGP6sXvZQ4WZ+MLawfV8wOmPoD/iWeNXm8s=
github.com/blevesearch/snowballstem v0.9.0/go.mod h1:PivSj3JMc8WuaFkTSRDW2SlrulNWPl4ABg1tC/hlgLs=
github.com/blevesearch/upsidedown_store_api v1.0.2 h1:U53Q6YoWEARVLd1OYNc9kvhBMGZzVrdmaozG2MfoB+A=
github.com/blevesearch/upsidedown_store_api v1.0.2/go.mod h1:M01mh3Gpfy56Ps/UXHjEO/knbqyQ1Oamg8If49gRwrQ=
github.com/blevesearch/vellum v1.1.0 h1:CinkGyIsgVlYf8Y2LUQHvdelgXr6PYuvoDIajq6yR9w=
github.com/blevesearch/vellum v1.1.0/go.mod h1:QgwWryE8ThtNPxtgWJof5ndPfx0/YMBh+W2weHKPw8Y=
github.com/blevesearch/zapx/v11 v11.4.2 h1:l46SV+b0gFN+Rw3wUI1YdMWdSAVhskYuvxlcgpQFljs=
github.com/blevesearch/zapx/v11 v11.4.2/go.mod h1:4gdeyy9oGa/lLa6D34R9daXNUvfMPZqUYjPwiLmekwc=
github.com/blevesearch/zapx/v12 v12.4.2 h1:fzRbhllQmEMUuAQ7zBuMvKRlcPA5ESTgWlDEoB9uQNE=
github.com/blevesearch/zapx/v12 v12.4.2/go.mod h1:TdFmr7afSz1hFh/SIBCCZvcLfzYvievIH6aEISCte58=
github.com/blevesearch/zapx/v13 v13.4.2 h1:46PIZCO/ZuKZYgxI8Y7lOJqX3Irkc3N8W82QTK3MVks=
github.com/blevesearch/zapx/v13 v13.4.2/go.mod h1:knK8z2NdQHlb5ot/uj8wuvOq5PhDGjNYQQy0QDnopZk=
github.com/blevesearch/zapx/v14 v14.4.2 h1:2SGHakVKd+TrtEqpfeq8X+So5PShQ5nW6GNxT7fWYz0=
github.com/blevesearch/zapx/v14 v14.4.2/go.mod h1:rz0XNb/OZSMjNorufDGSpFpjoFKhXmppH9Hi7a877D8=
github.com/blevesearch/zapx/v15 v15.4.2 h1:sWxpDE0QQOTjyxYbAVjt3+0ieu8NCE0fDRaFxEsp31k=
github.com/blevesearch/zapx/v15 v15.4.2/go.mod h1:1pssev/59FsuWcgSnTa0OeEpOzmhtmr/0/11H0Z8+Nw=
github.com/blevesearch/zapx/v16 v16.2.4 h1:tGgfvleXTAkwsD5mEzgM3zCS/7pgocTCnO1oyAUjlww=
github.com/blevesearch/zapx/v16 v16.2.4/go.mod h1:Rti/REtuuMmzwsI8/C/qIzRaEoSK/wiFYw5e5ctUKKs=
github.com/cespare/xxhash/v2 v2.3.0 h1:UL815xU9SqsFlibzuggzjXhog7bL6oX9BbNZnL2UFvs=
github.com/cespare/xxhash/v2 v2.3.0/go.mod h1:VGX0DQ3Q6kWi7AoAeZDth3/j3BFtOZR5XLFGgcrjCOs=
github.com/cncf/xds/go v0.0.0-20251210132809-ee656c7534f5 h1:6xNmx7iTtyBRev0+D/Tv1FZd4SCg8axKApyNyRsAt/w=
github.com/cncf/xds/go v0.0.0-20251210132809-ee656c7534f5/go.mod h1:KdCmV+x/BuvyMxRnYBlmVaq4OLiKW6iRQfvC62cvdkI=
github.com/davecgh/go-spew v1.1.0/go.mod h1:J7Y8YcW2NihsgmVo/mv3lAwl/skON4iLHjSsI+c5H38=
github.com/davecgh/go-spew v1.1.1/go.mod h1:J7Y8YcW2NihsgmVo/mv3lAwl/skON4iLHjSsI+c5H38=
github.com/davecgh/go-spew v1.1.2-0.20180830191138-d8f796af33cc h1:U9qPSI2PIWSS1VwoXQT9A3Wy9MM3WgvqSxFWenqJduM=
github.com/davecgh/go-spew v1.1.2-0.20180830191138-d8f796af33cc/go.mod h1:J7Y8YcW2NihsgmVo/mv3lAwl/skON4iLHjSsI+c5H38=
github.com/dchest/siphash v1.2.3 h1:QXwFc8cFOR2dSa/gE6o/HokBMWtLUaNDVd+22aKHeEA=
github.com/dchest/siphash v1.2.3/go.mod h1:0NvQU092bT0ipiFN++/rXm69QG9tVxLAlQHIXMPAkHc=
github.com/envoyproxy/go-control-plane v0.14.0 h1:hbG2kr4RuFj222B6+7T83thSPqLjwBIfQawTkC++2HA=
github.com/envoyproxy/go-control-plane v0.14.0/go.mod h1:NcS5X47pLl/hfqxU70yPwL9ZMkUlwlKxtAohpi2wBEU=
github.com/envoyproxy/go-control-plane/envoy v1.36.0 h1:yg/JjO5E7ubRyKX3m07GF3reDNEnfOboJ0QySbH736g=
github.com/envoyproxy/go-control-plane/envoy v1.36.0/go.mod h1:ty89S1YCCVruQAm9OtKeEkQLTb+Lkz0k8v9W0Oxsv98=
github.com/envoyproxy/go-control-plane/ratelimit v0.1.0 h1:/G9QYbddjL25KvtKTv3an9lx6VBE2cnb8wp1vEGNYGI=
github.com/envoyproxy/go-control-plane/ratelimit v0.1.0/go.mod h1:Wk+tMFAFbCXaJPzVVHnPgRKdUdwW/KdbRt94AzgRee4=
github.com/envoyproxy/protoc-gen-validate v1.3.0 h1:TvGH1wof4H33rezVKWSpqKz5NXWg5VPuZ0uONDT6eb4=
github.com/envoyproxy/protoc-gen-validate v1.3.0/go.mod h1:HvYl7zwPa5mffgyeTUHA9zHIH36nmrm7oCbo4YKoSWA=
github.com/felixge/httpsnoop v1.0.4 h1:NFTV2Zj1bL4mc9sqWACXbQFVBBg2W3GPvqp8/ESS2Wg=
github.com/felixge/httpsnoop v1.0.4/go.mod h1:m8KPJKqk1gH5J9DgRY2ASl2lWCfGKXixSwevea8zH2U=
github.com/go-jose/go-jose/v4 v4.1.3 h1:CVLmWDhDVRa6Mi/IgCgaopNosCaHz7zrMeF9MlZRkrs=
github.com/go-jose/go-jose/v4 v4.1.3/go.mod h1:x4oUasVrzR7071A4TnHLGSPpNOm2a21K9Kf04k1rs08=
github.com/go-logr/logr v1.2.2/go.mod h1:jdQByPbusPIv2/zmleS9BjJVeZ6kBagPoEUsqbVz/1A=
github.com/go-logr/logr v1.4.3 h1:CjnDlHq8ikf6E492q6eKboGOC0T8CDaOvkHCIg8idEI=
github.com/go-logr/logr v1.4.3/go.mod h1:9T104GzyrTigFIr8wt5mBrctHMim0Nb2HLGrmQ40KvY=
github.com/go-logr/stdr v1.2.2 h1:hSWxHoqTgW2S2qGc0LTAI563KZ5YKYRhT3MFKZMbjag=
github.com/go-logr/stdr v1.2.2/go.mod h1:mMo/vtBO5dYbehREoey6XUKy/eSumjCCveDpRre4VKE=
github.com/go-sql-driver/mysql v1.8.1/go.mod h1:wEBSXgmK//2ZFJyE+qWnIsVGmvmEKlqwuVSjsCm7DZg=
github.com/go-sql-driver/mysql v1.9.3 h1:U/N249h2WzJ3Ukj8SowVFjdtZKfu9vlLZxjPXV1aweo=
github.com/go-sql-driver/mysql v1.9.3/go.mod h1:qn46aNg1333BRMNU69Lq93t8du/dwxI64Gl8i5p1WMU=
github.com/go-stack/stack v1.8.0/go.mod h1:v0f6uXyyMGvRgIKkXu+yp6POWl0qKG85gN/melR3HDY=
github.com/gobuffalo/attrs v0.0.0-20190224210810-a9411de4debd/go.mod h1:4duuawTqi2wkkpB4ePgWMaai6/Kc6WEz83bhFwpHzj0=
github.com/gobuffalo/depgen v0.0.0-20190329151759-d478694a28d3/go.mod h1:3STtPUQYuzV0gBVOY3vy6CfMm/ljR4pABfrTeHNLHUY=
github.com/gobuffalo/depgen v0.1.0/go.mod h1:+ifsuy7fhi15RWncXQQKjWS9JPkdah5sZvtHc2RXGlg=
github.com/gobuffalo/envy v1.6.15/go.mod h1:n7DRkBerg/aorDM8kbduw5dN3oXGswK5liaSCx4T5NI=
github.com/gobuffalo/envy v1.7.0/go.mod h1:n7DRkBerg/aorDM8kbduw5dN3oXGswK5liaSCx4T5NI=
github.com/gobuffalo/flect v0.1.0/go.mod h1:d2ehjJqGOH/Kjqcoz+F7jHTBbmDb38yXA598Hb50EGs=
github.com/gobuffalo/flect v0.1.1/go.mod h1:8JCgGVbRjJhVgD6399mQr4fx5rRfGKVzFjbj6RE/9UI=
github.com/gobuffalo/flect v0.1.3/go.mod h1:8JCgGVbRjJhVgD6399mQr4fx5rRfGKVzFjbj6RE/9UI=
github.com/gobuffalo/genny v0.0.0-20190329151137-27723ad26ef9/go.mod h1:rWs4Z12d1Zbf19rlsn0nurr75KqhYp52EAGGxTbBhNk=
github.com/gobuffalo/genny v0.0.0-20190403191548-3ca520ef0d9e/go.mod h1:80lIj3kVJWwOrXWWMRzzdhW3DsrdjILVil/SFKBzF28=
github.com/gobuffalo/genny v0.1.0/go.mod h1:XidbUqzak3lHdS//TPu2OgiFB+51Ur5f7CSnXZ/JDvo=
github.com/gobuffalo/genny v0.1.1/go.mod h1:5TExbEyY48pfunL4QSXxlDOmdsD44RRq4mVZ0Ex28Xk=
github.com/gobuffalo/gitgen v0.0.0-20190315122116-cc086187d211/go.mod h1:vEHJk/E9DmhejeLeNt7UVvlSGv3ziL+djtTr3yyzcOw=
github.com/gobuffalo/gogen v0.0.0-20190315121717-8f38393713f5/go.mod h1:V9QVDIxsgKNZs6L2IYiGR8datgMhB577vzTDqypH360=
github.com/gobuffalo/gogen v0.1.0/go.mod h1:8NTelM5qd8RZ15VjQTFkAW6qOMx5wBbW4dSCS3BY8gg=
github.com/gobuffalo/gogen v0.1.1/go.mod h1:y8iBtmHmGc4qa3urIyo1shvOD8JftTtfcKi+71xfDNE=
github.com/gobuffalo/logger v0.0.0-20190315122211-86e12af44bc2/go.mod h1:QdxcLw541hSGtBnhUc4gaNIXRjiDppFGaDqzbrBd3v8=
github.com/gobuffalo/mapi v1.0.1/go.mod h1:4VAGh89y6rVOvm5A8fKFxYG+wIW6LO1FMTG9hnKStFc=
github.com/gobuffalo/mapi v1.0.2/go.mod h1:4VAGh89y6rVOvm5A8fKFxYG+wIW6LO1FMTG9hnKStFc=
github.com/gobuffalo/packd v0.0.0-20190315124812-a385830c7fc0/go.mod h1:M2Juc+hhDXf/PnmBANFCqx4DM3wRbgDvnVWeG2RIxq4=
github.com/gobuffalo/packd v0.1.0/go.mod h1:M2Juc+hhDXf/PnmBANFCqx4DM3wRbgDvnVWeG2RIxq4=
github.com/gobuffalo/packr/v2 v2.0.9/go.mod h1:emmyGweYTm6Kdper+iywB6YK5YzuKchGtJQZ0Odn4pQ=
github.com/gobuffalo/packr/v2 v2.2.0/go.mod h1:CaAwI0GPIAv+5wKLtv8Afwl+Cm78K/I/VCm/3ptBN+0=
github.com/gobuffalo/syncx v0.0.0-20190224160051-33c29581e754/go.mod h1:HhnNqWY95UYwwW3uSASeV7vtgYkT2t16hJgV3AEPUpw=
github.com/golang/protobuf v1.5.4 h1:i7eJL8qZTpSEXOPTxNKhASYpMn+8e5Q6AdndVa1dWek=
github.com/golang/protobuf v1.5.4/go.mod h1:lnTiLA8Wa4RWRcIUkrtSVa5nRhsEGBg48fD6rSs7xps=
github.com/golang/snappy v0.0.1/go.mod h1:/XxbfmMg8lxefKM7IXC3fBNl/7bRcc72aCRzEWrmP2Q=
github.com/golang/snappy v0.0.4 h1:yAGX7huGHXlcLOEtBnF4w7FQwA26wojNCwOYAEhLjQM=
github.com/golang/snappy v0.0.4/go.mod h1:/XxbfmMg8lxefKM7IXC3fBNl/7bRcc72aCRzEWrmP2Q=
github.com/google/btree v1.1.3 h1:CVpQJjYgC4VbzxeGVHfvZrv1ctoYCAI8vbl07Fcxlyg=
github.com/google/btree v1.1.3/go.mod h1:qOPhT0dTNdNzV6Z/lhRX0YXUafgPLFUh+gZMl761Gm4=
github.com/google/go-cmp v0.5.2/go.mod h1:v8dTdLbMG2kIc/vJvl+f65V22dbkXbowE6jgT/gNBxE=
github.com/google/go-cmp v0.7.0 h1:wk8382ETsv4JYUZwIsn6YpYiWiBsYLSJiTsyBybVuN8=
github.com/google/go-cmp v0.7.0/go.mod h1:pXiqmnSA92OHEEa9HXL2W4E7lf9JzCmGVUdgjX3N/iU=
github.com/google/gofuzz v1.2.0 h1:xRy4A+RhZaiKjJ1bPfwQ8sedCA+YS2YcCHW6ec7JMi0=
github.com/google/gofuzz v1.2.0/go.mod h1:dBl0BpW6vV/+mYPU4Po3pmUjxk6FQPldtuIdl/M65Eg=
github.com/google/martian/v3 v3.3.3 h1:DIhPTQrbPkgs2yJYdXU/eNACCG5DVQjySNRNlflZ9Fc=
github.com/google/martian/v3 v3.3.3/go.mod h1:iEPrYcgCF7jA9OtScMFQyAlZZ4YXTKEtJ1E6RWzmBA0=
github.com/google/s2a-go v0.1.9 h1:LGD7gtMgezd8a/Xak7mEWL0PjoTQFvpRudN895yqKW0=
github.com/google/s2a-go v0.1.9/go.mod h1:YA0Ei2ZQL3acow2O62kdp9UlnvMmU7kA6Eutn0dXayM=
github.com/google/uuid v1.0.0/go.mod h1:TIyPZe4MgqvfeYDBFedMoGGpEw/LqOeaOT+nhxU+yHo=
github.com/google/uuid v1.6.0 h1:NIvaJDMOsjHA8n1jAhLSgzrAzy1Hgr+hNrb57e+94F0=
github.com/google/uuid v1.6.0/go.mod h1:TIyPZe4MgqvfeYDBFedMoGGpEw/LqOeaOT+nhxU+yHo=
github.com/googleapis/enterprise-certificate-proxy v0.3.14 h1:yh8ncqsbUY4shRD5dA6RlzjJaT4hi3kII+zYw8wmLb8=
github.com/googleapis/enterprise-certificate-proxy v0.3.14/go.mod h1:vqVt9yG9480NtzREnTlmGSBmFrA+bzb0yl0TxoBQXOg=
github.com/googleapis/gax-go/v2 v2.18.0 h1:jxP5Uuo3bxm3M6gGtV94P4lliVetoCB4Wk2x8QA86LI=
github.com/googleapis/gax-go/v2 v2.18.0/go.mod h1:uSzZN4a356eRG985CzJ3WfbFSpqkLTjsnhWGJR6EwrE=
github.com/hashicorp/go-immutable-radix v1.1.0 h1:vN9wG1D6KG6YHRTWr8512cxGOVgTMEfgEdSj/hr8MPc=
github.com/hashicorp/go-immutable-radix v1.1.0/go.mod h1:0y9vanUI8NX6FsYoO3zeMjhV/C5i9g4Q3DwcSNZ4P60=
github.com/hashicorp/go-memdb v1.0.4 h1:sIdJHAEtV3//iXcUb4LumSQeorYos5V0ptvqvQvFgDA=
github.com/hashicorp/go-memdb v1.0.4/go.mod h1:LWQ8R70vPrS4OEY9k28D2z8/Zzyu34NVzeRibGAzHO0=
github.com/hashicorp/go-uuid v1.0.0 h1:RS8zrF7PhGwyNPOtxSClXXj9HA8feRnJzgnI1RJCSnM=
github.com/hashicorp/go-uuid v1.0.0/go.mod h1:6SBZvOh/SIDV7/2o3Jml5SYk/TvGqwFJ/bN7x4byOro=
github.com/hashicorp/golang-lru v0.5.0/go.mod h1:/m3WP610KZHVQ1SGc6re/UDhFvYD7pJ4Ao+sR/qLZy8=
github.com/hashicorp/golang-lru v0.5.1 h1:0hERBMJE1eitiLkihrMvRVBYAkpHzc/J3QdDN+dAcgU=
github.com/hashicorp/golang-lru v0.5.1/go.mod h1:/m3WP610KZHVQ1SGc6re/UDhFvYD7pJ4Ao+sR/qLZy8=
github.com/inconshreveable/mousetrap v1.0.0/go.mod h1:PxqpIevigyE2G7u3NXJIT2ANytuPF1OarO4DADm73n8=
github.com/jmespath/go-jmespath v0.4.0 h1:BEgLn5cpjn8UN1mAw4NjwDrS35OdebyEtFe+9YPoQUg=
github.com/jmespath/go-jmespath v0.4.0/go.mod h1:T8mJZnbsbmF+m6zOOFylbeCJqk5+pHWvzYPziyZiYoo=
github.com/jmespath/go-jmespath/internal/testify v1.5.1 h1:shLQSRRSCCPj3f2gpwzGwWFoC7ycTf1rcQZHOlsJ6N8=
github.com/jmespath/go-jmespath/internal/testify v1.5.1/go.mod h1:L3OGu8Wl2/fWfCI6z80xFu9LTZmf1ZRjMHUOPmWr69U=
github.com/jmoiron/sqlx v1.4.0 h1:1PLqN7S1UYp5t4SrVVnt4nUVNemrDAtxlulVe+Qgm3o=
github.com/jmoiron/sqlx v1.4.0/go.mod h1:ZrZ7UsYB/weZdl2Bxg6jCRO9c3YHl8r3ahlKmRT4JLY=
github.com/joho/godotenv v1.3.0/go.mod h1:7hK45KPybAkOC6peb+G5yklZfMxEjkZhHbwpqxOKXbg=
github.com/json-iterator/go v0.0.0-20171115153421-f7279a603ede h1:YrgBGwxMRK0Vq0WSCWFaZUnTsrA/PZE/xs1QZh+/edg=
github.com/json-iterator/go v0.0.0-20171115153421-f7279a603ede/go.mod h1:+SdeFBvtyEkXs7REEP0seUULqWtbJapLOCVDaaPEHmU=
github.com/karrick/godirwalk v1.8.0/go.mod h1:H5KPZjojv4lE+QYImBI8xVtrBRgYrIVsaRPx4tDPEn4=
github.com/karrick/godirwalk v1.10.3/go.mod h1:RoGL9dQei4vP9ilrpETWE8CLOZ1kiN0LhBygSwrAsHA=
github.com/klauspost/compress v1.9.5/go.mod h1:RyIbtBH6LamlWaDj8nUwkbUhJ87Yi3uG0guNDohfE1A=
github.com/konsorten/go-windows-terminal-sequences v1.0.1/go.mod h1:T0+1ngSBFLxvqU3pZ+m/2kptfBszLMUkC4ZK/EgS/cQ=
github.com/konsorten/go-windows-terminal-sequences v1.0.2/go.mod h1:T0+1ngSBFLxvqU3pZ+m/2kptfBszLMUkC4ZK/EgS/cQ=
github.com/kr/pretty v0.1.0/go.mod h1:dAy3ld7l9f0ibDNOQOHHMYYIIbhfbHSm3C4ZsoJORNo=
github.com/kr/pretty v0.3.1 h1:flRD4NNwYAUpkphVc1HcthR4KEIFJ65n8Mw5qdRn3LE=
github.com/kr/pretty v0.3.1/go.mod h1:hoEshYVHaxMs3cyo3Yncou5ZscifuDolrwPKZanG3xk=
github.com/kr/pty v1.1.1/go.mod h1:pFQYn66WHrOpPYNljwOMqo10TkYh1fy3cYio2l3bCsQ=
github.com/kr/text v0.1.0/go.mod h1:4Jbv+DJW3UT/LiOwJeYQe1efqtUx/iVham/4vfdArNI=
github.com/kr/text v0.2.0 h1:5Nx0Ya0ZqY2ygV366QzturHI13Jq95ApcVaJBhpS+AY=
github.com/kr/text v0.2.0/go.mod h1:eLer722TekiGuMkidMxC/pM04lWEeraHUUmBw8l2grE=
github.com/leekchan/timeutil v0.0.0-20150802142658-28917288c48d h1:2puqoOQwi3Ai1oznMOsFIbifm6kIfJaLLyYzWD4IzTs=
github.com/leekchan/timeutil v0.0.0-20150802142658-28917288c48d/go.mod h1:hO90vCP2x3exaSH58BIAowSKvV+0OsY21TtzuFGHON4=
github.com/lib/pq v1.10.9 h1:YXG7RB+JIjhP29X+OtkiDnYaXQwpS4JEWq7dtCCRUEw=
github.com/lib/pq v1.10.9/go.mod h1:AlVN5x4E4T544tWzH6hKfbfQvm3HdbOxrmggDNAPY9o=
github.com/lytics/cloudstorage v0.2.17-0.20250708155716-c267217b862c h1:WAoVPmuVnWdfCt+gOmR5l+0rG+P16JPV6diW8bU+qtA=
github.com/lytics/cloudstorage v0.2.17-0.20250708155716-c267217b862c/go.mod h1:63q7RF+Jlax4i2GOroD+RDYXh+qvfDiy1sG2i866I4M=
github.com/lytics/datemath v0.0.0-20180727225141-3ada1c10b5de h1:11TDmXhfroQhiGvCkyVno74fX+hLBK/TT9PjkSxabF8=
github.com/lytics/datemath v0.0.0-20180727225141-3ada1c10b5de/go.mod h1:kRY7eh+LgL0GNR9geXMA2cQYRmeTsbxXGua1DqdHbto=
github.com/lytics/dateparse v0.0.0-20241205004559-6cedc927c67b h1:CG5jqpcPKYpv29JJYlmmCIEGZSq7uGtCfGr2tdmoOb8=
github.com/lytics/dateparse v0.0.0-20241205004559-6cedc927c67b/go.mod h1:DCaWoUhZrYW9p1lxo/cm8EmUOOzAPSEZNGF2DK1dJgw=
github.com/lytics/gou v1.1.0 h1:pK6n1m/BqaDrCpHsToSrTAzX/R6KPBNe8cMvmwtZNJM=
github.com/lytics/gou v1.1.0/go.mod h1:dkkf5FPDA4gVg4ao9NuHANNkYiAj/XK5uEoZYpTubtY=
github.com/markbates/oncer v0.0.0-20181203154359-bf2de49a0be2/go.mod h1:Ld9puTsIW75CHf65OeIOkyKbteujpZVXDpWK6YGZbxE=
github.com/markbates/safe v1.0.1/go.mod h1:nAqgmRi7cY2nqMc92/bSEeQA+R4OheNU2T1kNSCBdG0=
github.com/mattn/go-runewidth v0.0.10/go.mod h1:RAqKPSqVFrSLVXbA8x7dzmKdmGzieGRCM46jaSJTDAk=
github.com/mattn/go-sqlite3 v1.14.22 h1:2gZY6PC6kBnID23Tichd1K+Z0oS6nE/XwU+Vz/5o4kU=
github.com/mattn/go-sqlite3 v1.14.22/go.mod h1:Uh1q+B4BYcTPb+yiD3kU8Ct7aC0hY9fxUwlHK0RXw+Y=
github.com/mb0/glob v0.0.0-20160210091149-1eb79d2de6c4 h1:NK3O7S5FRD/wj7ORQ5C3Mx1STpyEMuFe+/F0Lakd1Nk=
github.com/mb0/glob v0.0.0-20160210091149-1eb79d2de6c4/go.mod h1:FqD3ES5hx6zpzDainDaHgkTIqrPaI9uX4CVWqYZoQjY=
github.com/montanaflynn/stats v0.0.0-20171201202039-1bf9dbcd8cbe/go.mod h1:wL8QJuTMNUDYhXwkmfOly8iTdp5TEcJFWZD2D7SIkUc=
github.com/mschoch/smat v0.2.0 h1:8imxQsjDm8yFEAVBe7azKmKSgzSkZXDuKkSq9374khM=
github.com/mschoch/smat v0.2.0/go.mod h1:kc9mz7DoBKqDyiRL7VZN8KvXQMWeTaVnttLRXOlotKw=
github.com/mssola/user_agent v0.6.0 h1:uwPR4rtWlCHRFyyP9u2KOV0u8iQXmS7Z7feTrstQwk4=
github.com/mssola/user_agent v0.6.0/go.mod h1:TTPno8LPY3wAIEKRpAtkdMT0f8SE24pLRGPahjCH4uw=
github.com/pborman/uuid v1.2.1 h1:+ZZIw58t/ozdjRaXh/3awHfmWRbzYxJoAdNJxe/3pvw=
github.com/pborman/uuid v1.2.1/go.mod h1:X/NO0urCmaxf9VXbdlT7C2Yzkj2IKimNn4k+gtPdI/k=
github.com/pelletier/go-toml v1.7.0/go.mod h1:vwGMzjaWMwyfHwgIBhI2YUM4fB6nL6lVAvS1LBMMhTE=
github.com/pkg/errors v0.8.0/go.mod h1:bwawxfHBFNV+L2hUp1rHADufV3IMtnDRdf1r5NINEl0=
github.com/pkg/errors v0.8.1/go.mod h1:bwawxfHBFNV+L2hUp1rHADufV3IMtnDRdf1r5NINEl0=
github.com/pkg/errors v0.9.1/go.mod h1:bwawxfHBFNV+L2hUp1rHADufV3IMtnDRdf1r5NINEl0=
github.com/planetscale/vtprotobuf v0.6.1-0.20240319094008-0393e58bdf10 h1:GFCKgmp0tecUJ0sJuv4pzYCqS9+RGSn52M3FUwPs+uo=
github.com/planetscale/vtprotobuf v0.6.1-0.20240319094008-0393e58bdf10/go.mod h1:t/avpk3KcrXxUnYOhZhMXJlSEyie6gQbtLq5NM3loB8=
github.com/pmezard/go-difflib v1.0.0/go.mod h1:iKH77koFhYxTK1pcRnkKkqfTogsbg7gZNVY4sRDYZ/4=
github.com/pmezard/go-difflib v1.0.1-0.20181226105442-5d4384ee4fb2 h1:Jamvg5psRIccs7FGNTlIRMkT8wgtp5eCXdBlqhYGL6U=
github.com/pmezard/go-difflib v1.0.1-0.20181226105442-5d4384ee4fb2/go.mod h1:iKH77koFhYxTK1pcRnkKkqfTogsbg7gZNVY4sRDYZ/4=
github.com/rivo/uniseg v0.1.0/go.mod h1:J6wj4VEh+S6ZtnVlnTBMWIodfgj8LQOQFoIToxlJtxc=
github.com/rogpeppe/go-internal v1.1.0/go.mod h1:M8bDsm7K2OlrFYOpmOWEs/qY81heoFRclV5y23lUDJ4=
github.com/rogpeppe/go-internal v1.2.2/go.mod h1:M8bDsm7K2OlrFYOpmOWEs/qY81heoFRclV5y23lUDJ4=
github.com/rogpeppe/go-internal v1.3.0/go.mod h1:M8bDsm7K2OlrFYOpmOWEs/qY81heoFRclV5y23lUDJ4=
github.com/rogpeppe/go-internal v1.14.1 h1:UQB4HGPB6osV0SQTLymcB4TgvyWu6ZyliaW0tI/otEQ=
github.com/rogpeppe/go-internal v1.14.1/go.mod h1:MaRKkUm5W0goXpeCfT7UZI6fk/L7L7so1lCWt35ZSgc=
github.com/scylladb/termtables v0.0.0-20191203121021-c4c0b6d42ff4/go.mod h1:C1a7PQSMz9NShzorzCiG2fk9+xuCgLkPeCvMHYR2OWg=
github.com/sirupsen/logrus v1.4.0/go.mod h1:LxeOpSwHxABJmUn/MG1IvRgCAasNZTLOkJPxbbu5VWo=
github.com/sirupsen/logrus v1.4.1/go.mod h1:ni0Sbl8bgC9z8RoU9G6nDWqqs/fq4eDPysMBDgk/93Q=
github.com/sirupsen/logrus v1.4.2/go.mod h1:tLMulIdttU9McNUspp0xgXVQah82FyeX6MwdIuYE2rE=
github.com/spf13/cobra v0.0.3/go.mod h1:1l0Ry5zgKvJasoi3XT1TypsSe7PqH0Sj9dhYf7v3XqQ=
github.com/spf13/pflag v1.0.3/go.mod h1:DYY7MBk1bdzusC3SYhjObp+wFpr4gzcvqqNjLnInEg4=
github.com/spiffe/go-spiffe/v2 v2.6.0 h1:l+DolpxNWYgruGQVV0xsfeya3CsC7m8iBzDnMpsbLuo=
github.com/spiffe/go-spiffe/v2 v2.6.0/go.mod h1:gm2SeUoMZEtpnzPNs2Csc0D/gX33k1xIx7lEzqblHEs=
github.com/stretchr/objx v0.1.0/go.mod h1:HFkY916IF+rwdDfMAkV7OtwuqBVzrE8GR6GFx+wExME=
github.com/stretchr/objx v0.1.1/go.mod h1:HFkY916IF+rwdDfMAkV7OtwuqBVzrE8GR6GFx+wExME=
github.com/stretchr/testify v1.2.2/go.mod h1:a8OnRcib4nhh0OaRAV+Yts87kKdq0PP7pXfy6kDkUVs=
github.com/stretchr/testify v1.3.0/go.mod h1:M5WIy9Dh21IEIfnGCwXGc5bZfKNJtfHm1UVUgZn+9EI=
github.com/stretchr/testify v1.6.1/go.mod h1:6Fq8oRcR53rry900zMqJjRRixrwX3KX962/h/Wwjteg=
github.com/stretchr/testify v1.7.0/go.mod h1:6Fq8oRcR53rry900zMqJjRRixrwX3KX962/h/Wwjteg=
github.com/stretchr/testify v1.11.1 h1:7s2iGBzp5EwR7/aIZr8ao5+dra3wiQyKjjFuvgVKu7U=
github.com/stretchr/testify v1.11.1/go.mod h1:wZwfW3scLgRK+23gO65QZefKpKQRnfz6sD981Nm4B6U=
github.com/tidwall/pretty v1.0.0/go.mod h1:XNkn88O1ChpSDQmQeStsy+sBenx6DDtFZJxhVysOjyk=
github.com/xdg-go/pbkdf2 v1.0.0/go.mod h1:jrpuAogTd400dnrH08LKmI/xc1MbPOebTwRqcT5RDeI=
github.com/xdg-go/scram v1.0.2/go.mod h1:1WAq6h33pAW+iRreB34OORO2Nf7qel3VV3fjBj+hCSs=
github.com/xdg-go/stringprep v1.0.2/go.mod h1:8F9zXuvzgwmyT5DUm4GUfZGDdT3W+LCvS6+da4O5kxM=
github.com/youmark/pkcs8 v0.0.0-20181117223130-1be2e3e5546d/go.mod h1:rHwXgn7JulP+udvsHwJoVG1YGAP6VLg4y9I5dyZdqmA=
go.etcd.io/bbolt v1.4.0 h1:TU77id3TnN/zKr7CO/uk+fBCwF2jGcMuw2B/FMAzYIk=
go.etcd.io/bbolt v1.4.0/go.mod h1:AsD+OCi/qPN1giOX1aiLAha3o1U8rAz65bvN4j0sRuk=
go.mongodb.org/mongo-driver v1.7.2 h1:pFttQyIiJUHEn50YfZgC9ECjITMT44oiN36uArf/OFg=
go.mongodb.org/mongo-driver v1.7.2/go.mod h1:Q4oFMbo1+MSNqICAdYMlC/zSTrwCogR4R8NzkI+yfU8=
go.opentelemetry.io/auto/sdk v1.2.1 h1:jXsnJ4Lmnqd11kwkBV2LgLoFMZKizbCi5fNZ/ipaZ64=
go.opentelemetry.io/auto/sdk v1.2.1/go.mod h1:KRTj+aOaElaLi+wW1kO/DZRXwkF4C5xPbEe3ZiIhN7Y=
go.opentelemetry.io/contrib/detectors/gcp v1.39.0 h1:kWRNZMsfBHZ+uHjiH4y7Etn2FK26LAGkNFw7RHv1DhE=
go.opentelemetry.io/contrib/detectors/gcp v1.39.0/go.mod h1:t/OGqzHBa5v6RHZwrDBJ2OirWc+4q/w2fTbLZwAKjTk=
go.opentelemetry.io/contrib/instrumentation/google.golang.org/grpc/otelgrpc v0.61.0 h1:q4XOmH/0opmeuJtPsbFNivyl7bCt7yRBbeEm2sC/XtQ=
go.opentelemetry.io/contrib/instrumentation/google.golang.org/grpc/otelgrpc v0.61.0/go.mod h1:snMWehoOh2wsEwnvvwtDyFCxVeDAODenXHtn5vzrKjo=
go.opentelemetry.io/contrib/instrumentation/net/http/otelhttp v0.61.0 h1:F7Jx+6hwnZ41NSFTO5q4LYDtJRXBf2PD0rNBkeB/lus=
go.opentelemetry.io/contrib/instrumentation/net/http/otelhttp v0.61.0/go.mod h1:UHB22Z8QsdRDrnAtX4PntOl36ajSxcdUMt1sF7Y6E7Q=
go.opentelemetry.io/otel v1.39.0 h1:8yPrr/S0ND9QEfTfdP9V+SiwT4E0G7Y5MO7p85nis48=
go.opentelemetry.io/otel v1.39.0/go.mod h1:kLlFTywNWrFyEdH0oj2xK0bFYZtHRYUdv1NklR/tgc8=
go.opentelemetry.io/otel/exporters/stdout/stdoutmetric v1.36.0 h1:rixTyDGXFxRy1xzhKrotaHy3/KXdPhlWARrCgK+eqUY=
go.opentelemetry.io/otel/exporters/stdout/stdoutmetric v1.36.0/go.mod h1:dowW6UsM9MKbJq5JTz2AMVp3/5iW5I/TStsk8S+CfHw=
go.opentelemetry.io/otel/metric v1.39.0 h1:d1UzonvEZriVfpNKEVmHXbdf909uGTOQjA0HF0Ls5Q0=
go.opentelemetry.io/otel/metric v1.39.0/go.mod h1:jrZSWL33sD7bBxg1xjrqyDjnuzTUB0x1nBERXd7Ftcs=
go.opentelemetry.io/otel/sdk v1.39.0 h1:nMLYcjVsvdui1B/4FRkwjzoRVsMK8uL/cj0OyhKzt18=
go.opentelemetry.io/otel/sdk v1.39.0/go.mod h1:vDojkC4/jsTJsE+kh+LXYQlbL8CgrEcwmt1ENZszdJE=
go.opentelemetry.io/otel/sdk/metric v1.39.0 h1:cXMVVFVgsIf2YL6QkRF4Urbr/aMInf+2WKg+sEJTtB8=
go.opentelemetry.io/otel/sdk/metric v1.39.0/go.mod h1:xq9HEVH7qeX69/JnwEfp6fVq5wosJsY1mt4lLfYdVew=
go.opentelemetry.io/otel/trace v1.39.0 h1:2d2vfpEDmCJ5zVYz7ijaJdOF59xLomrvj7bjt6/qCJI=
go.opentelemetry.io/otel/trace v1.39.0/go.mod h1:88w4/PnZSazkGzz/w84VHpQafiU4EtqqlVdxWy+rNOA=
golang.org/x/crypto v0.0.0-20180904163835-0709b304e793/go.mod h1:6SG95UA2DQfeDnfUPMdvaQW0Q7yPrPDi9nlGo2tz2b4=
golang.org/x/crypto v0.0.0-20190308221718-c2843e01d9a2/go.mod h1:djNgcEr1/C05ACkg1iLfiJU5Ep61QUkGW8qpdssI0+w=
golang.org/x/crypto v0.0.0-20190422162423-af44ce270edf/go.mod h1:WFFai1msRO1wXaEeE5yQxYXgSfI8pQAWXbQop6sCtWE=
golang.org/x/crypto v0.0.0-20200302210943-78000ba7a073/go.mod h1:LzIPMQfyMNhhGPhUkYOs5KpL4U8rLKemX1yGLhDgUto=
golang.org/x/crypto v0.49.0 h1:+Ng2ULVvLHnJ/ZFEq4KdcDd/cfjrrjjNSXNzxg0Y4U4=
golang.org/x/crypto v0.49.0/go.mod h1:ErX4dUh2UM+CFYiXZRTcMpEcN8b/1gxEuv3nODoYtCA=
golang.org/x/net v0.0.0-20190311183353-d8887717615a/go.mod h1:t9HGtf8HONx5eT2rtn7q6eTqICYqUVnKs3thJo3Qplg=
golang.org/x/net v0.0.0-20190404232315-eb5bcb51f2a3/go.mod h1:t9HGtf8HONx5eT2rtn7q6eTqICYqUVnKs3thJo3Qplg=
golang.org/x/net v0.52.0 h1:He/TN1l0e4mmR3QqHMT2Xab3Aj3L9qjbhRm78/6jrW0=
golang.org/x/net v0.52.0/go.mod h1:R1MAz7uMZxVMualyPXb+VaqGSa3LIaUqk0eEt3w36Sw=
golang.org/x/oauth2 v0.36.0 h1:peZ/1z27fi9hUOFCAZaHyrpWG5lwe0RJEEEeH0ThlIs=
golang.org/x/oauth2 v0.36.0/go.mod h1:YDBUJMTkDnJS+A4BP4eZBjCqtokkg1hODuPjwiGPO7Q=
golang.org/x/sync v0.0.0-20190227155943-e225da77a7e6/go.mod h1:RxMgew5VJxzue5/jJTE5uejpjVlOe/izrB70Jof72aM=
golang.org/x/sync v0.0.0-20190412183630-56d357773e84/go.mod h1:RxMgew5VJxzue5/jJTE5uejpjVlOe/izrB70Jof72aM=
golang.org/x/sync v0.0.0-20190423024810-112230192c58/go.mod h1:RxMgew5VJxzue5/jJTE5uejpjVlOe/izrB70Jof72aM=
golang.org/x/sync v0.0.0-20190911185100-cd5d95a43a6e/go.mod h1:RxMgew5VJxzue5/jJTE5uejpjVlOe/izrB70Jof72aM=
golang.org/x/sync v0.20.0 h1:e0PTpb7pjO8GAtTs2dQ6jYa5BWYlMuX047Dco/pItO4=
golang.org/x/sync v0.20.0/go.mod h1:9xrNwdLfx4jkKbNva9FpL6vEN7evnE43NNNJQ2LF3+0=
golang.org/x/sys v0.0.0-20180905080454-ebe1bf3edb33/go.mod h1:STP8DvDyc/dI5b8T5hshtkjS+E42TnysNCUPdjciGhY=
golang.org/x/sys v0.0.0-20190215142949-d0b11bdaac8a/go.mod h1:STP8DvDyc/dI5b8T5hshtkjS+E42TnysNCUPdjciGhY=
golang.org/x/sys v0.0.0-20190403152447-81d4e9dc473e/go.mod h1:h1NjWce9XRLGQEsW7wpKNCjG9DtNlClVuFLEZdDNbEs=
golang.org/x/sys v0.0.0-20190412213103-97732733099d/go.mod h1:h1NjWce9XRLGQEsW7wpKNCjG9DtNlClVuFLEZdDNbEs=
golang.org/x/sys v0.0.0-20190419153524-e8e3143a4f4a/go.mod h1:h1NjWce9XRLGQEsW7wpKNCjG9DtNlClVuFLEZdDNbEs=
golang.org/x/sys v0.0.0-20190422165155-953cdadca894/go.mod h1:h1NjWce9XRLGQEsW7wpKNCjG9DtNlClVuFLEZdDNbEs=
golang.org/x/sys v0.0.0-20190531175056-4c3a928424d2/go.mod h1:h1NjWce9XRLGQEsW7wpKNCjG9DtNlClVuFLEZdDNbEs=
golang.org/x/sys v0.0.0-20220520151302-bc2c85ada10a/go.mod h1:oPkhp1MJrh7nUepCBck5+mAzfO9JrbApNNgaTdGDITg=
golang.org/x/sys v0.42.0 h1:omrd2nAlyT5ESRdCLYdm3+fMfNFE/+Rf4bDIQImRJeo=
golang.org/x/sys v0.42.0/go.mod h1:4GL1E5IUh+htKOUEOaiffhrAeqysfVGipDYzABqnCmw=
golang.org/x/text v0.3.0/go.mod h1:NqM8EUOU14njkJ3fqMW+pc6Ldnwhi/IjpwHt7yyuwOQ=
golang.org/x/text v0.3.5/go.mod h1:5Zoc/QRtKVWzQhOtBMvqHzDpF6irO9z98xDceosuGiQ=
golang.org/x/text v0.35.0 h1:JOVx6vVDFokkpaq1AEptVzLTpDe9KGpj5tR4/X+ybL8=
golang.org/x/text v0.35.0/go.mod h1:khi/HExzZJ2pGnjenulevKNX1W67CUy0AsXcNubPGCA=
golang.org/x/time v0.15.0 h1:bbrp8t3bGUeFOx08pvsMYRTCVSMk89u4tKbNOZbp88U=
golang.org/x/time v0.15.0/go.mod h1:Y4YMaQmXwGQZoFaVFk4YpCt4FLQMYKZe9oeV/f4MSno=
golang.org/x/tools v0.0.0-20180917221912-90fa682c2a6e/go.mod h1:n7NCudcB/nEzxVGmLbDWY5pfWTLqBcC2KZ6jyYvM4mQ=
golang.org/x/tools v0.0.0-20190329151228-23e29df326fe/go.mod h1:LCzVGOaR6xXOjkQ3onu1FJEFr0SW1gC7cKk1uF8kGRs=
golang.org/x/tools v0.0.0-20190416151739-9c9e1878f421/go.mod h1:LCzVGOaR6xXOjkQ3onu1FJEFr0SW1gC7cKk1uF8kGRs=
golang.org/x/tools v0.0.0-20190420181800-aa740d480789/go.mod h1:LCzVGOaR6xXOjkQ3onu1FJEFr0SW1gC7cKk1uF8kGRs=
golang.org/x/tools v0.0.0-20190531172133-b3315ee88b7d/go.mod h1:/rFqwRUd4F7ZHNgwSSTFct+R/Kf4OFW1sUzUTQQTgfc=
golang.org/x/xerrors v0.0.0-20191204190536-9bdfabe68543/go.mod h1:I/5z698sn9Ka8TeJc9MKroUUfqBBauWjQqLJ2OPfmY0=
gonum.org/v1/gonum v0.16.0 h1:5+ul4Swaf3ESvrOnidPp4GZbzf0mxVQpDCYUQE7OJfk=
gonum.org/v1/gonum v0.16.0/go.mod h1:fef3am4MQ93R2HHpKnLk4/Tbh/s0+wqD5nfa6Pnwy4E=
google.golang.org/api v0.272.0 h1:eLUQZGnAS3OHn31URRf9sAmRk3w2JjMx37d2k8AjJmA=
google.golang.org/api v0.272.0/go.mod h1:wKjowi5LNJc5qarNvDCvNQBn3rVK8nSy6jg2SwRwzIA=
google.golang.org/genproto v0.0.0-20260217215200-42d3e9bedb6d h1:vsOm753cOAMkt76efriTCDKjpCbK18XGHMJHo0JUKhc=
google.golang.org/genproto v0.0.0-20260217215200-42d3e9bedb6d/go.mod h1:0oz9d7g9QLSdv9/lgbIjowW1JoxMbxmBVNe8i6tORJI=
google.golang.org/genproto/googleapis/api v0.0.0-20260217215200-42d3e9bedb6d h1:EocjzKLywydp5uZ5tJ79iP6Q0UjDnyiHkGRWxuPBP8s=
google.golang.org/genproto/googleapis/api v0.0.0-20260217215200-42d3e9bedb6d/go.mod h1:48U2I+QQUYhsFrg2SY6r+nJzeOtjey7j//WBESw+qyQ=
google.golang.org/genproto/googleapis/rpc v0.0.0-20260311181403-84a4fc48630c h1:xgCzyF2LFIO/0X2UAoVRiXKU5Xg6VjToG4i2/ecSswk=
google.golang.org/genproto/googleapis/rpc v0.0.0-20260311181403-84a4fc48630c/go.mod h1:4Hqkh8ycfw05ld/3BWL7rJOSfebL2Q+DVDeRgYgxUU8=
google.golang.org/grpc v1.79.2 h1:fRMD94s2tITpyJGtBBn7MkMseNpOZU8ZxgC3MMBaXRU=
google.golang.org/grpc v1.79.2/go.mod h1:KmT0Kjez+0dde/v2j9vzwoAScgEPx/Bw1CYChhHLrHQ=
google.golang.org/protobuf v1.36.11 h1:fV6ZwhNocDyBLK0dj+fg8ektcVegBBuEolpbTQyBNVE=
google.golang.org/protobuf v1.36.11/go.mod h1:HTf+CrKn2C3g5S8VImy6tdcUvCska2kB7j23XfzDpco=
gopkg.in/check.v1 v0.0.0-20161208181325-20d25e280405/go.mod h1:Co6ibVJAznAaIkqp8huTwlJQCZ016jof/cbN4VW5Yz0=
gopkg.in/check.v1 v1.0.0-20180628173108-788fd7840127/go.mod h1:Co6ibVJAznAaIkqp8huTwlJQCZ016jof/cbN4VW5Yz0=
gopkg.in/check.v1 v1.0.0-20201130134442-10cb98267c6c h1:Hei/4ADfdWqJk1ZMxUNpqntNwaWcugrBjAiHlqqRiVk=
gopkg.in/check.v1 v1.0.0-20201130134442-10cb98267c6c/go.mod h1:JHkPIbrfpd72SG/EVd6muEfDQjcINNoR0C8j2r3qZ4Q=
gopkg.in/errgo.v2 v2.1.0/go.mod h1:hNsd1EY+bozCKY1Ytp96fpM3vjJbqLJn88ws8XvfDNI=
gopkg.in/yaml.v2 v2.2.8 h1:obN1ZagJSUGI0Ek/LBmuj4SNLPfIny3KsKFopxRdj10=
gopkg.in/yaml.v2 v2.2.8/go.mod h1:hI93XBmqTisBFMUTm0b8Fm+jr3Dg1NNxqwp+5A1VGuI=
gopkg.in/yaml.v3 v3.0.0-20200313102051-9f266ea9e77c/go.mod h1:K4uyk7z7BCEPqu6E+C64Yfv1cQ7kz7rIZviUmN+EgEM=
gopkg.in/yaml.v3 v3.0.0/go.mod h1:K4uyk7z7BCEPqu6E+C64Yfv1cQ7kz7rIZviUmN+EgEM=
gopkg.in/yaml.v3 v3.0.1 h1:fxVm/GzAzEWqLHuvctI91KS9hhNmmWOoWu0XTYJS7CA=
gopkg.in/yaml.v3 v3.0.1/go.mod h1:K4uyk7z7BCEPqu6E+C64Yfv1cQ7kz7rIZviUmN+EgEM=
